// !$*UTF8*$!
{
	archiveVersion = 1;
	classes = {
	};
	objectVersion = 46;
	objects = {

/* Begin PBXBuildFile section */
		989A2D4215539444005C0D15 /* ODListAlarmTableViewCell.m in Sources */ = {isa = PBXBuildFile; fileRef = 989A2D4115539444005C0D15 /* ODListAlarmTableViewCell.m */; };
		98A75CF215515537006AA0BE /* Alarm.m in Sources */ = {isa = PBXBuildFile; fileRef = 98A75CF115515537006AA0BE /* Alarm.m */; };
		98B4FBDE15454CE900E821CF /* UIKit.framework in Frameworks */ = {isa = PBXBuildFile; fileRef = 98B4FBDD15454CE900E821CF /* UIKit.framework */; };
		98B4FBE015454CE900E821CF /* Foundation.framework in Frameworks */ = {isa = PBXBuildFile; fileRef = 98B4FBDF15454CE900E821CF /* Foundation.framework */; };
		98B4FBE215454CE900E821CF /* CoreGraphics.framework in Frameworks */ = {isa = PBXBuildFile; fileRef = 98B4FBE115454CE900E821CF /* CoreGraphics.framework */; };
		98B4FBE415454CE900E821CF /* CoreData.framework in Frameworks */ = {isa = PBXBuildFile; fileRef = 98B4FBE315454CE900E821CF /* CoreData.framework */; };
		98B4FBEA15454CE900E821CF /* InfoPlist.strings in Resources */ = {isa = PBXBuildFile; fileRef = 98B4FBE815454CE900E821CF /* InfoPlist.strings */; };
		98B4FBEC15454CE900E821CF /* main.m in Sources */ = {isa = PBXBuildFile; fileRef = 98B4FBEB15454CE900E821CF /* main.m */; };
		98B4FBF015454CE900E821CF /* ODAppDelegate.m in Sources */ = {isa = PBXBuildFile; fileRef = 98B4FBEF15454CE900E821CF /* ODAppDelegate.m */; };
		98B4FBF315454CE900E821CF /* OpenAlarm.xcdatamodeld in Sources */ = {isa = PBXBuildFile; fileRef = 98B4FBF115454CE900E821CF /* OpenAlarm.xcdatamodeld */; };
		98B4FC081545516C00E821CF /* ODListAlarmViewController.m in Sources */ = {isa = PBXBuildFile; fileRef = 98B4FC061545516C00E821CF /* ODListAlarmViewController.m */; };
		98B4FC091545516C00E821CF /* ODListAlarmViewController.xib in Resources */ = {isa = PBXBuildFile; fileRef = 98B4FC071545516C00E821CF /* ODListAlarmViewController.xib */; };
		98B4FC4B1545602200E821CF /* Icon.png in Resources */ = {isa = PBXBuildFile; fileRef = 98B4FC4A1545602200E821CF /* Icon.png */; };
		98ECBD1F1547F24F00FF814B /* ODAddModalViewController.m in Sources */ = {isa = PBXBuildFile; fileRef = 98ECBD1D1547F24F00FF814B /* ODAddModalViewController.m */; };
		98ECBD201547F24F00FF814B /* ODAddModalViewController.xib in Resources */ = {isa = PBXBuildFile; fileRef = 98ECBD1E1547F24F00FF814B /* ODAddModalViewController.xib */; };
		98FE678715492C040009D7C1 /* ODTimeRepeatViewController.m in Sources */ = {isa = PBXBuildFile; fileRef = 98FE678515492C040009D7C1 /* ODTimeRepeatViewController.m */; };
		98FE678815492C040009D7C1 /* ODTimeRepeatViewController.xib in Resources */ = {isa = PBXBuildFile; fileRef = 98FE678615492C040009D7C1 /* ODTimeRepeatViewController.xib */; };
/* End PBXBuildFile section */

/* Begin PBXFileReference section */
		989A2D4015539444005C0D15 /* ODListAlarmTableViewCell.h */ = {isa = PBXFileReference; fileEncoding = 4; lastKnownFileType = sourcecode.c.h; path = ODListAlarmTableViewCell.h; sourceTree = "<group>"; };
		989A2D4115539444005C0D15 /* ODListAlarmTableViewCell.m */ = {isa = PBXFileReference; fileEncoding = 4; lastKnownFileType = sourcecode.c.objc; path = ODListAlarmTableViewCell.m; sourceTree = "<group>"; };
		98A75CF015515536006AA0BE /* Alarm.h */ = {isa = PBXFileReference; fileEncoding = 4; lastKnownFileType = sourcecode.c.h; path = Alarm.h; sourceTree = "<group>"; };
		98A75CF115515537006AA0BE /* Alarm.m */ = {isa = PBXFileReference; fileEncoding = 4; lastKnownFileType = sourcecode.c.objc; path = Alarm.m; sourceTree = "<group>"; };
		98B4FBD915454CE900E821CF /* OpenAlarm.app */ = {isa = PBXFileReference; explicitFileType = wrapper.application; includeInIndex = 0; path = OpenAlarm.app; sourceTree = BUILT_PRODUCTS_DIR; };
		98B4FBDD15454CE900E821CF /* UIKit.framework */ = {isa = PBXFileReference; lastKnownFileType = wrapper.framework; name = UIKit.framework; path = System/Library/Frameworks/UIKit.framework; sourceTree = SDKROOT; };
		98B4FBDF15454CE900E821CF /* Foundation.framework */ = {isa = PBXFileReference; lastKnownFileType = wrapper.framework; name = Foundation.framework; path = System/Library/Frameworks/Foundation.framework; sourceTree = SDKROOT; };
		98B4FBE115454CE900E821CF /* CoreGraphics.framework */ = {isa = PBXFileReference; lastKnownFileType = wrapper.framework; name = CoreGraphics.framework; path = System/Library/Frameworks/CoreGraphics.framework; sourceTree = SDKROOT; };
		98B4FBE315454CE900E821CF /* CoreData.framework */ = {isa = PBXFileReference; lastKnownFileType = wrapper.framework; name = CoreData.framework; path = System/Library/Frameworks/CoreData.framework; sourceTree = SDKROOT; };
		98B4FBE715454CE900E821CF /* OpenAlarm-Info.plist */ = {isa = PBXFileReference; lastKnownFileType = text.plist.xml; path = "OpenAlarm-Info.plist"; sourceTree = "<group>"; };
		98B4FBE915454CE900E821CF /* en */ = {isa = PBXFileReference; lastKnownFileType = text.plist.strings; name = en; path = en.lproj/InfoPlist.strings; sourceTree = "<group>"; };
		98B4FBEB15454CE900E821CF /* main.m */ = {isa = PBXFileReference; lastKnownFileType = sourcecode.c.objc; path = main.m; sourceTree = "<group>"; };
		98B4FBED15454CE900E821CF /* OpenAlarm-Prefix.pch */ = {isa = PBXFileReference; lastKnownFileType = sourcecode.c.h; path = "OpenAlarm-Prefix.pch"; sourceTree = "<group>"; };
		98B4FBEE15454CE900E821CF /* ODAppDelegate.h */ = {isa = PBXFileReference; lastKnownFileType = sourcecode.c.h; path = ODAppDelegate.h; sourceTree = "<group>"; };
		98B4FBEF15454CE900E821CF /* ODAppDelegate.m */ = {isa = PBXFileReference; lastKnownFileType = sourcecode.c.objc; path = ODAppDelegate.m; sourceTree = "<group>"; };
		98B4FBF215454CE900E821CF /* OpenAlarm.xcdatamodel */ = {isa = PBXFileReference; lastKnownFileType = wrapper.xcdatamodel; path = OpenAlarm.xcdatamodel; sourceTree = "<group>"; };
		98B4FC051545516C00E821CF /* ODListAlarmViewController.h */ = {isa = PBXFileReference; fileEncoding = 4; lastKnownFileType = sourcecode.c.h; path = ODListAlarmViewController.h; sourceTree = "<group>"; };
		98B4FC061545516C00E821CF /* ODListAlarmViewController.m */ = {isa = PBXFileReference; fileEncoding = 4; lastKnownFileType = sourcecode.c.objc; path = ODListAlarmViewController.m; sourceTree = "<group>"; };
		98B4FC071545516C00E821CF /* ODListAlarmViewController.xib */ = {isa = PBXFileReference; fileEncoding = 4; lastKnownFileType = file.xib; path = ODListAlarmViewController.xib; sourceTree = "<group>"; };
		98B4FC4A1545602200E821CF /* Icon.png */ = {isa = PBXFileReference; lastKnownFileType = image.png; path = Icon.png; sourceTree = "<group>"; };
		98ECBD1C1547F24F00FF814B /* ODAddModalViewController.h */ = {isa = PBXFileReference; fileEncoding = 4; lastKnownFileType = sourcecode.c.h; path = ODAddModalViewController.h; sourceTree = SOURCE_ROOT; };
		98ECBD1D1547F24F00FF814B /* ODAddModalViewController.m */ = {isa = PBXFileReference; fileEncoding = 4; lastKnownFileType = sourcecode.c.objc; path = ODAddModalViewController.m; sourceTree = SOURCE_ROOT; };
		98ECBD1E1547F24F00FF814B /* ODAddModalViewController.xib */ = {isa = PBXFileReference; fileEncoding = 4; lastKnownFileType = file.xib; path = ODAddModalViewController.xib; sourceTree = SOURCE_ROOT; };
		98FE678415492C040009D7C1 /* ODTimeRepeatViewController.h */ = {isa = PBXFileReference; fileEncoding = 4; lastKnownFileType = sourcecode.c.h; path = ODTimeRepeatViewController.h; sourceTree = "<group>"; };
		98FE678515492C040009D7C1 /* ODTimeRepeatViewController.m */ = {isa = PBXFileReference; fileEncoding = 4; lastKnownFileType = sourcecode.c.objc; path = ODTimeRepeatViewController.m; sourceTree = "<group>"; };
		98FE678615492C040009D7C1 /* ODTimeRepeatViewController.xib */ = {isa = PBXFileReference; fileEncoding = 4; lastKnownFileType = file.xib; path = ODTimeRepeatViewController.xib; sourceTree = "<group>"; };
/* End PBXFileReference section */

/* Begin PBXFrameworksBuildPhase section */
		98B4FBD615454CE900E821CF /* Frameworks */ = {
			isa = PBXFrameworksBuildPhase;
			buildActionMask = 2147483647;
			files = (
				98B4FBDE15454CE900E821CF /* UIKit.framework in Frameworks */,
				98B4FBE015454CE900E821CF /* Foundation.framework in Frameworks */,
				98B4FBE215454CE900E821CF /* CoreGraphics.framework in Frameworks */,
				98B4FBE415454CE900E821CF /* CoreData.framework in Frameworks */,
			);
			runOnlyForDeploymentPostprocessing = 0;
		};
/* End PBXFrameworksBuildPhase section */

/* Begin PBXGroup section */
		989D66901553F0A8006148FA /* View */ = {
			isa = PBXGroup;
			children = (
				989A2D4015539444005C0D15 /* ODListAlarmTableViewCell.h */,
				989A2D4115539444005C0D15 /* ODListAlarmTableViewCell.m */,
			);
			name = View;
			sourceTree = "<group>";
		};
		989D66921553F0B2006148FA /* Controller */ = {
			isa = PBXGroup;
			children = (
				98ECBD1C1547F24F00FF814B /* ODAddModalViewController.h */,
				98ECBD1D1547F24F00FF814B /* ODAddModalViewController.m */,
				98ECBD1E1547F24F00FF814B /* ODAddModalViewController.xib */,
				98B4FC051545516C00E821CF /* ODListAlarmViewController.h */,
				98B4FC061545516C00E821CF /* ODListAlarmViewController.m */,
				98B4FC071545516C00E821CF /* ODListAlarmViewController.xib */,
			);
			name = Controller;
			sourceTree = "<group>";
		};
		98B4FBCE15454CE900E821CF = {
			isa = PBXGroup;
			children = (
				98B4FBDC15454CE900E821CF /* Frameworks */,
				98B4FBE515454CE900E821CF /* OpenAlarm */,
				98B4FBDA15454CE900E821CF /* Products */,
			);
			sourceTree = "<group>";
		};
		98B4FBDA15454CE900E821CF /* Products */ = {
			isa = PBXGroup;
			children = (
				98B4FBD915454CE900E821CF /* OpenAlarm.app */,
			);
			name = Products;
			sourceTree = "<group>";
		};
		98B4FBDC15454CE900E821CF /* Frameworks */ = {
			isa = PBXGroup;
			children = (
				98B4FBDD15454CE900E821CF /* UIKit.framework */,
				98B4FBDF15454CE900E821CF /* Foundation.framework */,
				98B4FBE115454CE900E821CF /* CoreGraphics.framework */,
				98B4FBE315454CE900E821CF /* CoreData.framework */,
			);
			name = Frameworks;
			sourceTree = "<group>";
		};
		98B4FBE515454CE900E821CF /* OpenAlarm */ = {
			isa = PBXGroup;
			children = (
				989D66921553F0B2006148FA /* Controller */,
				98B4FBEE15454CE900E821CF /* ODAppDelegate.h */,
				98B4FBEF15454CE900E821CF /* ODAppDelegate.m */,
				98FE678415492C040009D7C1 /* ODTimeRepeatViewController.h */,
				98FE678515492C040009D7C1 /* ODTimeRepeatViewController.m */,
				98FE678615492C040009D7C1 /* ODTimeRepeatViewController.xib */,
				98B4FBF115454CE900E821CF /* OpenAlarm.xcdatamodeld */,
				98B4FBE615454CE900E821CF /* Supporting Files */,
				98A75CF015515536006AA0BE /* Alarm.h */,
				98A75CF115515537006AA0BE /* Alarm.m */,
				989D66901553F0A8006148FA /* View */,
			);
			path = OpenAlarm;
			sourceTree = "<group>";
		};
		98B4FBE615454CE900E821CF /* Supporting Files */ = {
			isa = PBXGroup;
			children = (
				98B4FC4A1545602200E821CF /* Icon.png */,
				98B4FBE715454CE900E821CF /* OpenAlarm-Info.plist */,
				98B4FBE815454CE900E821CF /* InfoPlist.strings */,
				98B4FBEB15454CE900E821CF /* main.m */,
				98B4FBED15454CE900E821CF /* OpenAlarm-Prefix.pch */,
			);
			name = "Supporting Files";
			sourceTree = "<group>";
		};
/* End PBXGroup section */

/* Begin PBXNativeTarget section */
		98B4FBD815454CE900E821CF /* OpenAlarm */ = {
			isa = PBXNativeTarget;
			buildConfigurationList = 98B4FC0215454CEA00E821CF /* Build configuration list for PBXNativeTarget "OpenAlarm" */;
			buildPhases = (
				98B4FBD515454CE900E821CF /* Sources */,
				98B4FBD615454CE900E821CF /* Frameworks */,
				98B4FBD715454CE900E821CF /* Resources */,
			);
			buildRules = (
			);
			dependencies = (
			);
			name = OpenAlarm;
			productName = OpenAlarm;
			productReference = 98B4FBD915454CE900E821CF /* OpenAlarm.app */;
			productType = "com.apple.product-type.application";
		};
/* End PBXNativeTarget section */

/* Begin PBXProject section */
		98B4FBD015454CE900E821CF /* Project object */ = {
			isa = PBXProject;
			attributes = {
				CLASSPREFIX = OD;
				LastUpgradeCheck = 0430;
			};
			buildConfigurationList = 98B4FBD315454CE900E821CF /* Build configuration list for PBXProject "OpenAlarm" */;
			compatibilityVersion = "Xcode 3.2";
			developmentRegion = English;
			hasScannedForEncodings = 0;
			knownRegions = (
				en,
			);
			mainGroup = 98B4FBCE15454CE900E821CF;
			productRefGroup = 98B4FBDA15454CE900E821CF /* Products */;
			projectDirPath = "";
			projectRoot = "";
			targets = (
				98B4FBD815454CE900E821CF /* OpenAlarm */,
			);
		};
/* End PBXProject section */

/* Begin PBXResourcesBuildPhase section */
		98B4FBD715454CE900E821CF /* Resources */ = {
			isa = PBXResourcesBuildPhase;
			buildActionMask = 2147483647;
			files = (
				98B4FBEA15454CE900E821CF /* InfoPlist.strings in Resources */,
				98B4FC091545516C00E821CF /* ODListAlarmViewController.xib in Resources */,
				98B4FC4B1545602200E821CF /* Icon.png in Resources */,
				98ECBD201547F24F00FF814B /* ODAddModalViewController.xib in Resources */,
				98FE678815492C040009D7C1 /* ODTimeRepeatViewController.xib in Resources */,
			);
			runOnlyForDeploymentPostprocessing = 0;
		};
/* End PBXResourcesBuildPhase section */

/* Begin PBXSourcesBuildPhase section */
		98B4FBD515454CE900E821CF /* Sources */ = {
			isa = PBXSourcesBuildPhase;
			buildActionMask = 2147483647;
			files = (
				98B4FBEC15454CE900E821CF /* main.m in Sources */,
				98B4FBF015454CE900E821CF /* ODAppDelegate.m in Sources */,
				98B4FBF315454CE900E821CF /* OpenAlarm.xcdatamodeld in Sources */,
				98B4FC081545516C00E821CF /* ODListAlarmViewController.m in Sources */,
				98ECBD1F1547F24F00FF814B /* ODAddModalViewController.m in Sources */,
				98FE678715492C040009D7C1 /* ODTimeRepeatViewController.m in Sources */,
				98A75CF215515537006AA0BE /* Alarm.m in Sources */,
				989A2D4215539444005C0D15 /* ODListAlarmTableViewCell.m in Sources */,
			);
			runOnlyForDeploymentPostprocessing = 0;
		};
/* End PBXSourcesBuildPhase section */

/* Begin PBXVariantGroup section */
		98B4FBE815454CE900E821CF /* InfoPlist.strings */ = {
			isa = PBXVariantGroup;
			children = (
				98B4FBE915454CE900E821CF /* en */,
			);
			name = InfoPlist.strings;
			sourceTree = "<group>";
		};
/* End PBXVariantGroup section */

/* Begin XCBuildConfiguration section */
		98B4FC0015454CEA00E821CF /* Debug */ = {
			isa = XCBuildConfiguration;
			buildSettings = {
				ALWAYS_SEARCH_USER_PATHS = NO;
				ARCHS = "$(ARCHS_STANDARD_32_BIT)";
				CLANG_ENABLE_OBJC_ARC = YES;
				"CODE_SIGN_IDENTITY[sdk=iphoneos*]" = "iPhone Developer";
				COPY_PHASE_STRIP = NO;
				GCC_C_LANGUAGE_STANDARD = gnu99;
				GCC_DYNAMIC_NO_PIC = NO;
				GCC_OPTIMIZATION_LEVEL = 0;
				GCC_PREPROCESSOR_DEFINITIONS = (
					"DEBUG=1",
					"$(inherited)",
				);
				GCC_SYMBOLS_PRIVATE_EXTERN = NO;
				GCC_VERSION = com.apple.compilers.llvm.clang.1_0;
				GCC_WARN_ABOUT_RETURN_TYPE = YES;
				GCC_WARN_UNINITIALIZED_AUTOS = YES;
				GCC_WARN_UNUSED_VARIABLE = YES;
				IPHONEOS_DEPLOYMENT_TARGET = 5.1;
				SDKROOT = iphoneos;
			};
			name = Debug;
		};
		98B4FC0115454CEA00E821CF /* Release */ = {
			isa = XCBuildConfiguration;
			buildSettings = {
				ALWAYS_SEARCH_USER_PATHS = NO;
				ARCHS = "$(ARCHS_STANDARD_32_BIT)";
				CLANG_ENABLE_OBJC_ARC = YES;
				"CODE_SIGN_IDENTITY[sdk=iphoneos*]" = "iPhone Developer";
				COPY_PHASE_STRIP = YES;
				GCC_C_LANGUAGE_STANDARD = gnu99;
				GCC_VERSION = com.apple.compilers.llvm.clang.1_0;
				GCC_WARN_ABOUT_RETURN_TYPE = YES;
				GCC_WARN_UNINITIALIZED_AUTOS = YES;
				GCC_WARN_UNUSED_VARIABLE = YES;
				IPHONEOS_DEPLOYMENT_TARGET = 5.1;
				OTHER_CFLAGS = "-DNS_BLOCK_ASSERTIONS=1";
				SDKROOT = iphoneos;
				VALIDATE_PRODUCT = YES;
			};
			name = Release;
		};
		98B4FC0315454CEA00E821CF /* Debug */ = {
			isa = XCBuildConfiguration;
			buildSettings = {
				GCC_PRECOMPILE_PREFIX_HEADER = YES;
				GCC_PREFIX_HEADER = "OpenAlarm/OpenAlarm-Prefix.pch";
				INFOPLIST_FILE = "OpenAlarm/OpenAlarm-Info.plist";
				PRODUCT_NAME = "$(TARGET_NAME)";
				WRAPPER_EXTENSION = app;
			};
			name = Debug;
		};
		98B4FC0415454CEA00E821CF /* Release */ = {
			isa = XCBuildConfiguration;
			buildSettings = {
				GCC_PRECOMPILE_PREFIX_HEADER = YES;
				GCC_PREFIX_HEADER = "OpenAlarm/OpenAlarm-Prefix.pch";
				INFOPLIST_FILE = "OpenAlarm/OpenAlarm-Info.plist";
				PRODUCT_NAME = "$(TARGET_NAME)";
				WRAPPER_EXTENSION = app;
			};
			name = Release;
		};
/* End XCBuildConfiguration section */

/* Begin XCConfigurationList section */
		98B4FBD315454CE900E821CF /* Build configuration list for PBXProject "OpenAlarm" */ = {
			isa = XCConfigurationList;
			buildConfigurations = (
				98B4FC0015454CEA00E821CF /* Debug */,
				98B4FC0115454CEA00E821CF /* Release */,
			);
			defaultConfigurationIsVisible = 0;
			defaultConfigurationName = Release;
		};
		98B4FC0215454CEA00E821CF /* Build configuration list for PBXNativeTarget "OpenAlarm" */ = {
			isa = XCConfigurationList;
			buildConfigurations = (
				98B4FC0315454CEA00E821CF /* Debug */,
				98B4FC0415454CEA00E821CF /* Release */,
			);
			defaultConfigurationIsVisible = 0;
			defaultConfigurationName = Release;
		};
/* End XCConfigurationList section */

/* Begin XCVersionGroup section */
		98B4FBF115454CE900E821CF /* OpenAlarm.xcdatamodeld */ = {
			isa = XCVersionGroup;
			children = (
				98B4FBF215454CE900E821CF /* OpenAlarm.xcdatamodel */,
			);
			currentVersion = 98B4FBF215454CE900E821CF /* OpenAlarm.xcdatamodel */;
			path = OpenAlarm.xcdatamodeld;
			sourceTree = "<group>";
			versionGroupType = wrapper.xcdatamodel;
		};
/* End XCVersionGroup section */
	};
	rootObject = 98B4FBD015454CE900E821CF /* Project object */;
}
