// !$*UTF8*$!
{
	archiveVersion = 1;
	classes = {
	};
	objectVersion = 46;
	objects = {

/* Begin PBXBuildFile section */
		987262721558E2C000D1B566 /* ODAlarmServices.m in Sources */ = {isa = PBXBuildFile; fileRef = 987262711558E2BF00D1B566 /* ODAlarmServices.m */; };
		98726278155908D100D1B566 /* ODAlertViewController.xib in Resources */ = {isa = PBXBuildFile; fileRef = 98726276155908D100D1B566 /* ODAlertViewController.xib */; };
		989A2D4215539444005C0D15 /* ODListAlarmTableViewCell.m in Sources */ = {isa = PBXBuildFile; fileRef = 989A2D4115539444005C0D15 /* ODListAlarmTableViewCell.m */; };
		98B4FBDE15454CE900E821CF /* UIKit.framework in Frameworks */ = {isa = PBXBuildFile; fileRef = 98B4FBDD15454CE900E821CF /* UIKit.framework */; };
		98B4FBE015454CE900E821CF /* Foundation.framework in Frameworks */ = {isa = PBXBuildFile; fileRef = 98B4FBDF15454CE900E821CF /* Foundation.framework */; };
		98B4FBE215454CE900E821CF /* CoreGraphics.framework in Frameworks */ = {isa = PBXBuildFile; fileRef = 98B4FBE115454CE900E821CF /* CoreGraphics.framework */; };
		98B4FBE415454CE900E821CF /* CoreData.framework in Frameworks */ = {isa = PBXBuildFile; fileRef = 98B4FBE315454CE900E821CF /* CoreData.framework */; };
		98B4FBEA15454CE900E821CF /* InfoPlist.strings in Resources */ = {isa = PBXBuildFile; fileRef = 98B4FBE815454CE900E821CF /* InfoPlist.strings */; };
		98B4FBEC15454CE900E821CF /* main.m in Sources */ = {isa = PBXBuildFile; fileRef = 98B4FBEB15454CE900E821CF /* main.m */; };
		98B4FBF015454CE900E821CF /* ODAppDelegate.m in Sources */ = {isa = PBXBuildFile; fileRef = 98B4FBEF15454CE900E821CF /* ODAppDelegate.m */; };
		98B4FBF315454CE900E821CF /* OpenAlarm.xcdatamodeld in Sources */ = {isa = PBXBuildFile; fileRef = 98B4FBF115454CE900E821CF /* OpenAlarm.xcdatamodeld */; };
		98B4FC081545516C00E821CF /* ODListAlarmViewController.m in Sources */ = {isa = PBXBuildFile; fileRef = 98B4FC061545516C00E821CF /* ODListAlarmViewController.m */; };
		98B4FC091545516C00E821CF /* ODListAlarmViewController.xib in Resources */ = {isa = PBXBuildFile; fileRef = 98B4FC071545516C00E821CF /* ODListAlarmViewController.xib */; };
		98B4FC4B1545602200E821CF /* Icon.png in Resources */ = {isa = PBXBuildFile; fileRef = 98B4FC4A1545602200E821CF /* Icon.png */; };
		98ECBD1F1547F24F00FF814B /* ODAddModalViewController.m in Sources */ = {isa = PBXBuildFile; fileRef = 98ECBD1D1547F24F00FF814B /* ODAddModalViewController.m */; };
		98ECBD201547F24F00FF814B /* ODAddModalViewController.xib in Resources */ = {isa = PBXBuildFile; fileRef = 98ECBD1E1547F24F00FF814B /* ODAddModalViewController.xib */; };
		98FE678715492C040009D7C1 /* ODTimeRepeatViewController.m in Sources */ = {isa = PBXBuildFile; fileRef = 98FE678515492C040009D7C1 /* ODTimeRepeatViewController.m */; };
		98FE678815492C040009D7C1 /* ODTimeRepeatViewController.xib in Resources */ = {isa = PBXBuildFile; fileRef = 98FE678615492C040009D7C1 /* ODTimeRepeatViewController.xib */; };
		CE8D88C6155FF261001C441E /* SenTestingKit.framework in Frameworks */ = {isa = PBXBuildFile; fileRef = CEE9495A155FE7390076126C /* SenTestingKit.framework */; };
		CE8D88C7155FF261001C441E /* UIKit.framework in Frameworks */ = {isa = PBXBuildFile; fileRef = 98B4FBDD15454CE900E821CF /* UIKit.framework */; };
		CE8D88C8155FF261001C441E /* Foundation.framework in Frameworks */ = {isa = PBXBuildFile; fileRef = 98B4FBDF15454CE900E821CF /* Foundation.framework */; };
		CE8D88CE155FF261001C441E /* InfoPlist.strings in Resources */ = {isa = PBXBuildFile; fileRef = CE8D88CC155FF261001C441E /* InfoPlist.strings */; };
		CE8D88D1155FF261001C441E /* OpenAlarmTests.m in Sources */ = {isa = PBXBuildFile; fileRef = CE8D88D0155FF261001C441E /* OpenAlarmTests.m */; };
		CE8D88EC155FF3FC001C441E /* libOCMock.a in Frameworks */ = {isa = PBXBuildFile; fileRef = CE8D88E4155FF3FC001C441E /* libOCMock.a */; };
		CE8D88F31560068E001C441E /* ODAlertViewController.m in Sources */ = {isa = PBXBuildFile; fileRef = 98726275155908D100D1B566 /* ODAlertViewController.m */; };
		CEBE439F155BA8CB00CAD5C3 /* Alarm.m in Sources */ = {isa = PBXBuildFile; fileRef = CEBE439E155BA8CB00CAD5C3 /* Alarm.m */; };
/* End PBXBuildFile section */

/* Begin PBXFileReference section */
		987262701558E2BF00D1B566 /* ODAlarmServices.h */ = {isa = PBXFileReference; fileEncoding = 4; lastKnownFileType = sourcecode.c.h; path = ODAlarmServices.h; sourceTree = "<group>"; };
		987262711558E2BF00D1B566 /* ODAlarmServices.m */ = {isa = PBXFileReference; fileEncoding = 4; lastKnownFileType = sourcecode.c.objc; path = ODAlarmServices.m; sourceTree = "<group>"; };
		98726274155908D100D1B566 /* ODAlertViewController.h */ = {isa = PBXFileReference; fileEncoding = 4; lastKnownFileType = sourcecode.c.h; path = ODAlertViewController.h; sourceTree = "<group>"; };
		98726275155908D100D1B566 /* ODAlertViewController.m */ = {isa = PBXFileReference; fileEncoding = 4; lastKnownFileType = sourcecode.c.objc; path = ODAlertViewController.m; sourceTree = "<group>"; };
		98726276155908D100D1B566 /* ODAlertViewController.xib */ = {isa = PBXFileReference; fileEncoding = 4; lastKnownFileType = file.xib; path = ODAlertViewController.xib; sourceTree = "<group>"; };
		989A2D4015539444005C0D15 /* ODListAlarmTableViewCell.h */ = {isa = PBXFileReference; fileEncoding = 4; lastKnownFileType = sourcecode.c.h; path = ODListAlarmTableViewCell.h; sourceTree = "<group>"; };
		989A2D4115539444005C0D15 /* ODListAlarmTableViewCell.m */ = {isa = PBXFileReference; fileEncoding = 4; lastKnownFileType = sourcecode.c.objc; path = ODListAlarmTableViewCell.m; sourceTree = "<group>"; };
		98B4FBD915454CE900E821CF /* OpenAlarm.app */ = {isa = PBXFileReference; explicitFileType = wrapper.application; includeInIndex = 0; path = OpenAlarm.app; sourceTree = BUILT_PRODUCTS_DIR; };
		98B4FBDD15454CE900E821CF /* UIKit.framework */ = {isa = PBXFileReference; lastKnownFileType = wrapper.framework; name = UIKit.framework; path = System/Library/Frameworks/UIKit.framework; sourceTree = SDKROOT; };
		98B4FBDF15454CE900E821CF /* Foundation.framework */ = {isa = PBXFileReference; lastKnownFileType = wrapper.framework; name = Foundation.framework; path = System/Library/Frameworks/Foundation.framework; sourceTree = SDKROOT; };
		98B4FBE115454CE900E821CF /* CoreGraphics.framework */ = {isa = PBXFileReference; lastKnownFileType = wrapper.framework; name = CoreGraphics.framework; path = System/Library/Frameworks/CoreGraphics.framework; sourceTree = SDKROOT; };
		98B4FBE315454CE900E821CF /* CoreData.framework */ = {isa = PBXFileReference; lastKnownFileType = wrapper.framework; name = CoreData.framework; path = System/Library/Frameworks/CoreData.framework; sourceTree = SDKROOT; };
		98B4FBE715454CE900E821CF /* OpenAlarm-Info.plist */ = {isa = PBXFileReference; lastKnownFileType = text.plist.xml; path = "OpenAlarm-Info.plist"; sourceTree = "<group>"; };
		98B4FBE915454CE900E821CF /* en */ = {isa = PBXFileReference; lastKnownFileType = text.plist.strings; name = en; path = en.lproj/InfoPlist.strings; sourceTree = "<group>"; };
		98B4FBEB15454CE900E821CF /* main.m */ = {isa = PBXFileReference; lastKnownFileType = sourcecode.c.objc; path = main.m; sourceTree = "<group>"; };
		98B4FBED15454CE900E821CF /* OpenAlarm-Prefix.pch */ = {isa = PBXFileReference; lastKnownFileType = sourcecode.c.h; path = "OpenAlarm-Prefix.pch"; sourceTree = "<group>"; };
		98B4FBEE15454CE900E821CF /* ODAppDelegate.h */ = {isa = PBXFileReference; lastKnownFileType = sourcecode.c.h; path = ODAppDelegate.h; sourceTree = "<group>"; };
		98B4FBEF15454CE900E821CF /* ODAppDelegate.m */ = {isa = PBXFileReference; lastKnownFileType = sourcecode.c.objc; path = ODAppDelegate.m; sourceTree = "<group>"; };
		98B4FBF215454CE900E821CF /* OpenAlarm.xcdatamodel */ = {isa = PBXFileReference; lastKnownFileType = wrapper.xcdatamodel; path = OpenAlarm.xcdatamodel; sourceTree = "<group>"; };
		98B4FC051545516C00E821CF /* ODListAlarmViewController.h */ = {isa = PBXFileReference; fileEncoding = 4; lastKnownFileType = sourcecode.c.h; path = ODListAlarmViewController.h; sourceTree = "<group>"; };
		98B4FC061545516C00E821CF /* ODListAlarmViewController.m */ = {isa = PBXFileReference; fileEncoding = 4; lastKnownFileType = sourcecode.c.objc; path = ODListAlarmViewController.m; sourceTree = "<group>"; };
		98B4FC071545516C00E821CF /* ODListAlarmViewController.xib */ = {isa = PBXFileReference; fileEncoding = 4; lastKnownFileType = file.xib; path = ODListAlarmViewController.xib; sourceTree = "<group>"; };
		98B4FC4A1545602200E821CF /* Icon.png */ = {isa = PBXFileReference; lastKnownFileType = image.png; path = Icon.png; sourceTree = "<group>"; };
		98ECBD1C1547F24F00FF814B /* ODAddModalViewController.h */ = {isa = PBXFileReference; fileEncoding = 4; lastKnownFileType = sourcecode.c.h; path = ODAddModalViewController.h; sourceTree = SOURCE_ROOT; };
		98ECBD1D1547F24F00FF814B /* ODAddModalViewController.m */ = {isa = PBXFileReference; fileEncoding = 4; lastKnownFileType = sourcecode.c.objc; path = ODAddModalViewController.m; sourceTree = SOURCE_ROOT; };
		98ECBD1E1547F24F00FF814B /* ODAddModalViewController.xib */ = {isa = PBXFileReference; fileEncoding = 4; lastKnownFileType = file.xib; path = ODAddModalViewController.xib; sourceTree = SOURCE_ROOT; };
		98FE678415492C040009D7C1 /* ODTimeRepeatViewController.h */ = {isa = PBXFileReference; fileEncoding = 4; lastKnownFileType = sourcecode.c.h; path = ODTimeRepeatViewController.h; sourceTree = "<group>"; };
		98FE678515492C040009D7C1 /* ODTimeRepeatViewController.m */ = {isa = PBXFileReference; fileEncoding = 4; lastKnownFileType = sourcecode.c.objc; path = ODTimeRepeatViewController.m; sourceTree = "<group>"; };
		98FE678615492C040009D7C1 /* ODTimeRepeatViewController.xib */ = {isa = PBXFileReference; fileEncoding = 4; lastKnownFileType = file.xib; path = ODTimeRepeatViewController.xib; sourceTree = "<group>"; };
		CE8D88C5155FF261001C441E /* OpenAlarmTests.octest */ = {isa = PBXFileReference; explicitFileType = wrapper.cfbundle; includeInIndex = 0; path = OpenAlarmTests.octest; sourceTree = BUILT_PRODUCTS_DIR; };
		CE8D88CB155FF261001C441E /* OpenAlarmTests-Info.plist */ = {isa = PBXFileReference; lastKnownFileType = text.plist.xml; path = "OpenAlarmTests-Info.plist"; sourceTree = "<group>"; };
		CE8D88CD155FF261001C441E /* en */ = {isa = PBXFileReference; lastKnownFileType = text.plist.strings; name = en; path = en.lproj/InfoPlist.strings; sourceTree = "<group>"; };
		CE8D88CF155FF261001C441E /* OpenAlarmTests.h */ = {isa = PBXFileReference; lastKnownFileType = sourcecode.c.h; path = OpenAlarmTests.h; sourceTree = "<group>"; };
		CE8D88D0155FF261001C441E /* OpenAlarmTests.m */ = {isa = PBXFileReference; lastKnownFileType = sourcecode.c.objc; path = OpenAlarmTests.m; sourceTree = "<group>"; };
		CE8D88D2155FF261001C441E /* OpenAlarmTests-Prefix.pch */ = {isa = PBXFileReference; lastKnownFileType = sourcecode.c.h; path = "OpenAlarmTests-Prefix.pch"; sourceTree = "<group>"; };
		CE8D88E4155FF3FC001C441E /* libOCMock.a */ = {isa = PBXFileReference; lastKnownFileType = archive.ar; path = libOCMock.a; sourceTree = "<group>"; };
		CE8D88E6155FF3FC001C441E /* NSNotificationCenter+OCMAdditions.h */ = {isa = PBXFileReference; fileEncoding = 4; lastKnownFileType = sourcecode.c.h; path = "NSNotificationCenter+OCMAdditions.h"; sourceTree = "<group>"; };
		CE8D88E7155FF3FC001C441E /* OCMArg.h */ = {isa = PBXFileReference; fileEncoding = 4; lastKnownFileType = sourcecode.c.h; path = OCMArg.h; sourceTree = "<group>"; };
		CE8D88E8155FF3FC001C441E /* OCMConstraint.h */ = {isa = PBXFileReference; fileEncoding = 4; lastKnownFileType = sourcecode.c.h; path = OCMConstraint.h; sourceTree = "<group>"; };
		CE8D88E9155FF3FC001C441E /* OCMock.h */ = {isa = PBXFileReference; fileEncoding = 4; lastKnownFileType = sourcecode.c.h; path = OCMock.h; sourceTree = "<group>"; };
		CE8D88EA155FF3FC001C441E /* OCMockObject.h */ = {isa = PBXFileReference; fileEncoding = 4; lastKnownFileType = sourcecode.c.h; path = OCMockObject.h; sourceTree = "<group>"; };
		CE8D88EB155FF3FC001C441E /* OCMockRecorder.h */ = {isa = PBXFileReference; fileEncoding = 4; lastKnownFileType = sourcecode.c.h; path = OCMockRecorder.h; sourceTree = "<group>"; };
		CEBE439D155BA8CB00CAD5C3 /* Alarm.h */ = {isa = PBXFileReference; fileEncoding = 4; lastKnownFileType = sourcecode.c.h; path = Alarm.h; sourceTree = "<group>"; };
		CEBE439E155BA8CB00CAD5C3 /* Alarm.m */ = {isa = PBXFileReference; fileEncoding = 4; lastKnownFileType = sourcecode.c.objc; path = Alarm.m; sourceTree = "<group>"; };
		CEE9495A155FE7390076126C /* SenTestingKit.framework */ = {isa = PBXFileReference; lastKnownFileType = wrapper.framework; name = SenTestingKit.framework; path = Library/Frameworks/SenTestingKit.framework; sourceTree = DEVELOPER_DIR; };
/* End PBXFileReference section */

/* Begin PBXFrameworksBuildPhase section */
		98B4FBD615454CE900E821CF /* Frameworks */ = {
			isa = PBXFrameworksBuildPhase;
			buildActionMask = 2147483647;
			files = (
				98B4FBDE15454CE900E821CF /* UIKit.framework in Frameworks */,
				98B4FBE015454CE900E821CF /* Foundation.framework in Frameworks */,
				98B4FBE215454CE900E821CF /* CoreGraphics.framework in Frameworks */,
				98B4FBE415454CE900E821CF /* CoreData.framework in Frameworks */,
			);
			runOnlyForDeploymentPostprocessing = 0;
		};
		CE8D88C1155FF261001C441E /* Frameworks */ = {
			isa = PBXFrameworksBuildPhase;
			buildActionMask = 2147483647;
			files = (
				CE8D88C6155FF261001C441E /* SenTestingKit.framework in Frameworks */,
				CE8D88C7155FF261001C441E /* UIKit.framework in Frameworks */,
				CE8D88C8155FF261001C441E /* Foundation.framework in Frameworks */,
				CE8D88EC155FF3FC001C441E /* libOCMock.a in Frameworks */,
			);
			runOnlyForDeploymentPostprocessing = 0;
		};
/* End PBXFrameworksBuildPhase section */

/* Begin PBXGroup section */
		989D66901553F0A8006148FA /* View */ = {
			isa = PBXGroup;
			children = (
				989A2D4015539444005C0D15 /* ODListAlarmTableViewCell.h */,
				989A2D4115539444005C0D15 /* ODListAlarmTableViewCell.m */,
			);
			name = View;
			sourceTree = "<group>";
		};
		989D66921553F0B2006148FA /* Controller */ = {
			isa = PBXGroup;
			children = (
				98B4FC051545516C00E821CF /* ODListAlarmViewController.h */,
				98B4FC061545516C00E821CF /* ODListAlarmViewController.m */,
				98B4FC071545516C00E821CF /* ODListAlarmViewController.xib */,
				98FE678415492C040009D7C1 /* ODTimeRepeatViewController.h */,
				98FE678515492C040009D7C1 /* ODTimeRepeatViewController.m */,
				98FE678615492C040009D7C1 /* ODTimeRepeatViewController.xib */,
				98ECBD1C1547F24F00FF814B /* ODAddModalViewController.h */,
				98ECBD1D1547F24F00FF814B /* ODAddModalViewController.m */,
				98ECBD1E1547F24F00FF814B /* ODAddModalViewController.xib */,
				98726274155908D100D1B566 /* ODAlertViewController.h */,
				98726275155908D100D1B566 /* ODAlertViewController.m */,
				98726276155908D100D1B566 /* ODAlertViewController.xib */,
			);
			name = Controller;
			sourceTree = "<group>";
		};
		98B4FBCE15454CE900E821CF = {
			isa = PBXGroup;
			children = (
				98B4FBE515454CE900E821CF /* OpenAlarm */,
				CE8D88C9155FF261001C441E /* OpenAlarmTests */,
				98B4FBDC15454CE900E821CF /* Frameworks */,
				98B4FBDA15454CE900E821CF /* Products */,
			);
			sourceTree = "<group>";
		};
		98B4FBDA15454CE900E821CF /* Products */ = {
			isa = PBXGroup;
			children = (
				98B4FBD915454CE900E821CF /* OpenAlarm.app */,
				CE8D88C5155FF261001C441E /* OpenAlarmTests.octest */,
			);
			name = Products;
			sourceTree = "<group>";
		};
		98B4FBDC15454CE900E821CF /* Frameworks */ = {
			isa = PBXGroup;
			children = (
				CEE9495A155FE7390076126C /* SenTestingKit.framework */,
				98B4FBDD15454CE900E821CF /* UIKit.framework */,
				98B4FBDF15454CE900E821CF /* Foundation.framework */,
				98B4FBE115454CE900E821CF /* CoreGraphics.framework */,
				98B4FBE315454CE900E821CF /* CoreData.framework */,
			);
			name = Frameworks;
			sourceTree = "<group>";
		};
		98B4FBE515454CE900E821CF /* OpenAlarm */ = {
			isa = PBXGroup;
			children = (
				98B4FBEE15454CE900E821CF /* ODAppDelegate.h */,
				98B4FBEF15454CE900E821CF /* ODAppDelegate.m */,
				CE8D88EE155FFE52001C441E /* Model */,
				CE8D88ED155FFD8D001C441E /* Services */,
				989D66921553F0B2006148FA /* Controller */,
				989D66901553F0A8006148FA /* View */,
				98B4FBE615454CE900E821CF /* Supporting Files */,
			);
			path = OpenAlarm;
			sourceTree = "<group>";
		};
		98B4FBE615454CE900E821CF /* Supporting Files */ = {
			isa = PBXGroup;
			children = (
				98B4FC4A1545602200E821CF /* Icon.png */,
				98B4FBE715454CE900E821CF /* OpenAlarm-Info.plist */,
				98B4FBE815454CE900E821CF /* InfoPlist.strings */,
				98B4FBEB15454CE900E821CF /* main.m */,
				98B4FBED15454CE900E821CF /* OpenAlarm-Prefix.pch */,
			);
			name = "Supporting Files";
			sourceTree = "<group>";
		};
		CE8D88C9155FF261001C441E /* OpenAlarmTests */ = {
			isa = PBXGroup;
			children = (
				CE8D88E3155FF3FC001C441E /* Libraries */,
				CE8D88CF155FF261001C441E /* OpenAlarmTests.h */,
				CE8D88D0155FF261001C441E /* OpenAlarmTests.m */,
				CE8D88CA155FF261001C441E /* Supporting Files */,
			);
			path = OpenAlarmTests;
			sourceTree = "<group>";
		};
		CE8D88CA155FF261001C441E /* Supporting Files */ = {
			isa = PBXGroup;
			children = (
				CE8D88CB155FF261001C441E /* OpenAlarmTests-Info.plist */,
				CE8D88CC155FF261001C441E /* InfoPlist.strings */,
				CE8D88D2155FF261001C441E /* OpenAlarmTests-Prefix.pch */,
			);
			name = "Supporting Files";
			sourceTree = "<group>";
		};
		CE8D88E3155FF3FC001C441E /* Libraries */ = {
			isa = PBXGroup;
			children = (
				CE8D88E4155FF3FC001C441E /* libOCMock.a */,
				CE8D88E5155FF3FC001C441E /* OCMock */,
			);
			name = Libraries;
			path = ../Libraries;
			sourceTree = "<group>";
		};
		CE8D88E5155FF3FC001C441E /* OCMock */ = {
			isa = PBXGroup;
			children = (
				CE8D88E6155FF3FC001C441E /* NSNotificationCenter+OCMAdditions.h */,
				CE8D88E7155FF3FC001C441E /* OCMArg.h */,
				CE8D88E8155FF3FC001C441E /* OCMConstraint.h */,
				CE8D88E9155FF3FC001C441E /* OCMock.h */,
				CE8D88EA155FF3FC001C441E /* OCMockObject.h */,
				CE8D88EB155FF3FC001C441E /* OCMockRecorder.h */,
			);
			path = OCMock;
			sourceTree = "<group>";
		};
		CE8D88ED155FFD8D001C441E /* Services */ = {
			isa = PBXGroup;
			children = (
				987262701558E2BF00D1B566 /* ODAlarmServices.h */,
				987262711558E2BF00D1B566 /* ODAlarmServices.m */,
			);
			name = Services;
			sourceTree = "<group>";
		};
		CE8D88EE155FFE52001C441E /* Model */ = {
			isa = PBXGroup;
			children = (
				98B4FBF115454CE900E821CF /* OpenAlarm.xcdatamodeld */,
				CEBE439D155BA8CB00CAD5C3 /* Alarm.h */,
				CEBE439E155BA8CB00CAD5C3 /* Alarm.m */,
			);
			name = Model;
			sourceTree = "<group>";
		};
/* End PBXGroup section */

/* Begin PBXNativeTarget section */
		98B4FBD815454CE900E821CF /* OpenAlarm */ = {
			isa = PBXNativeTarget;
			buildConfigurationList = 98B4FC0215454CEA00E821CF /* Build configuration list for PBXNativeTarget "OpenAlarm" */;
			buildPhases = (
				98B4FBD515454CE900E821CF /* Sources */,
				98B4FBD615454CE900E821CF /* Frameworks */,
				98B4FBD715454CE900E821CF /* Resources */,
			);
			buildRules = (
			);
			dependencies = (
			);
			name = OpenAlarm;
			productName = OpenAlarm;
			productReference = 98B4FBD915454CE900E821CF /* OpenAlarm.app */;
			productType = "com.apple.product-type.application";
		};
		CE8D88C4155FF261001C441E /* OpenAlarmTests */ = {
			isa = PBXNativeTarget;
			buildConfigurationList = CE8D88D3155FF261001C441E /* Build configuration list for PBXNativeTarget "OpenAlarmTests" */;
			buildPhases = (
				CE8D88C0155FF261001C441E /* Sources */,
				CE8D88C1155FF261001C441E /* Frameworks */,
				CE8D88C2155FF261001C441E /* Resources */,
				CE8D88C3155FF261001C441E /* ShellScript */,
			);
			buildRules = (
			);
			dependencies = (
			);
			name = OpenAlarmTests;
			productName = OpenAlarmTests;
			productReference = CE8D88C5155FF261001C441E /* OpenAlarmTests.octest */;
			productType = "com.apple.product-type.bundle";
		};
/* End PBXNativeTarget section */

/* Begin PBXProject section */
		98B4FBD015454CE900E821CF /* Project object */ = {
			isa = PBXProject;
			attributes = {
				CLASSPREFIX = OD;
				LastUpgradeCheck = 0430;
			};
			buildConfigurationList = 98B4FBD315454CE900E821CF /* Build configuration list for PBXProject "OpenAlarm" */;
			compatibilityVersion = "Xcode 3.2";
			developmentRegion = English;
			hasScannedForEncodings = 0;
			knownRegions = (
				en,
			);
			mainGroup = 98B4FBCE15454CE900E821CF;
			productRefGroup = 98B4FBDA15454CE900E821CF /* Products */;
			projectDirPath = "";
			projectRoot = "";
			targets = (
				98B4FBD815454CE900E821CF /* OpenAlarm */,
				CE8D88C4155FF261001C441E /* OpenAlarmTests */,
			);
		};
/* End PBXProject section */

/* Begin PBXResourcesBuildPhase section */
		98B4FBD715454CE900E821CF /* Resources */ = {
			isa = PBXResourcesBuildPhase;
			buildActionMask = 2147483647;
			files = (
				98B4FBEA15454CE900E821CF /* InfoPlist.strings in Resources */,
				98B4FC091545516C00E821CF /* ODListAlarmViewController.xib in Resources */,
				98B4FC4B1545602200E821CF /* Icon.png in Resources */,
				98ECBD201547F24F00FF814B /* ODAddModalViewController.xib in Resources */,
				98FE678815492C040009D7C1 /* ODTimeRepeatViewController.xib in Resources */,
				98726278155908D100D1B566 /* ODAlertViewController.xib in Resources */,
			);
			runOnlyForDeploymentPostprocessing = 0;
		};
		CE8D88C2155FF261001C441E /* Resources */ = {
			isa = PBXResourcesBuildPhase;
			buildActionMask = 2147483647;
			files = (
				CE8D88CE155FF261001C441E /* InfoPlist.strings in Resources */,
			);
			runOnlyForDeploymentPostprocessing = 0;
		};
/* End PBXResourcesBuildPhase section */

/* Begin PBXShellScriptBuildPhase section */
		CE8D88C3155FF261001C441E /* ShellScript */ = {
			isa = PBXShellScriptBuildPhase;
			buildActionMask = 2147483647;
			files = (
			);
			inputPaths = (
			);
			outputPaths = (
			);
			runOnlyForDeploymentPostprocessing = 0;
			shellPath = /bin/sh;
			shellScript = "# Run the unit tests in this test bundle.\n\"${SYSTEM_DEVELOPER_DIR}/Tools/RunUnitTests\"\n";
		};
/* End PBXShellScriptBuildPhase section */

/* Begin PBXSourcesBuildPhase section */
		98B4FBD515454CE900E821CF /* Sources */ = {
			isa = PBXSourcesBuildPhase;
			buildActionMask = 2147483647;
			files = (
				CE8D88F31560068E001C441E /* ODAlertViewController.m in Sources */,
				98B4FBEC15454CE900E821CF /* main.m in Sources */,
				98B4FBF015454CE900E821CF /* ODAppDelegate.m in Sources */,
				98B4FBF315454CE900E821CF /* OpenAlarm.xcdatamodeld in Sources */,
				98B4FC081545516C00E821CF /* ODListAlarmViewController.m in Sources */,
				98ECBD1F1547F24F00FF814B /* ODAddModalViewController.m in Sources */,
				98FE678715492C040009D7C1 /* ODTimeRepeatViewController.m in Sources */,
				989A2D4215539444005C0D15 /* ODListAlarmTableViewCell.m in Sources */,
				987262721558E2C000D1B566 /* ODAlarmServices.m in Sources */,
				CEBE439F155BA8CB00CAD5C3 /* Alarm.m in Sources */,
			);
			runOnlyForDeploymentPostprocessing = 0;
		};
		CE8D88C0155FF261001C441E /* Sources */ = {
			isa = PBXSourcesBuildPhase;
			buildActionMask = 2147483647;
			files = (
				CE8D88D1155FF261001C441E /* OpenAlarmTests.m in Sources */,
			);
			runOnlyForDeploymentPostprocessing = 0;
		};
/* End PBXSourcesBuildPhase section */

/* Begin PBXVariantGroup section */
		98B4FBE815454CE900E821CF /* InfoPlist.strings */ = {
			isa = PBXVariantGroup;
			children = (
				98B4FBE915454CE900E821CF /* en */,
			);
			name = InfoPlist.strings;
			sourceTree = "<group>";
		};
		CE8D88CC155FF261001C441E /* InfoPlist.strings */ = {
			isa = PBXVariantGroup;
			children = (
				CE8D88CD155FF261001C441E /* en */,
			);
			name = InfoPlist.strings;
			sourceTree = "<group>";
		};
/* End PBXVariantGroup section */

/* Begin XCBuildConfiguration section */
		98B4FC0015454CEA00E821CF /* Debug */ = {
			isa = XCBuildConfiguration;
			buildSettings = {
				ALWAYS_SEARCH_USER_PATHS = NO;
				ARCHS = "$(ARCHS_STANDARD_32_BIT)";
				CLANG_ENABLE_OBJC_ARC = YES;
				"CODE_SIGN_IDENTITY[sdk=iphoneos*]" = "iPhone Developer";
				COPY_PHASE_STRIP = NO;
				GCC_C_LANGUAGE_STANDARD = gnu99;
				GCC_DYNAMIC_NO_PIC = NO;
				GCC_OPTIMIZATION_LEVEL = 0;
				GCC_PREPROCESSOR_DEFINITIONS = (
					"DEBUG=1",
					"$(inherited)",
				);
				GCC_SYMBOLS_PRIVATE_EXTERN = NO;
				GCC_VERSION = com.apple.compilers.llvm.clang.1_0;
				GCC_WARN_ABOUT_RETURN_TYPE = YES;
				GCC_WARN_UNINITIALIZED_AUTOS = YES;
				GCC_WARN_UNUSED_VARIABLE = YES;
				IPHONEOS_DEPLOYMENT_TARGET = 5.1;
				ONLY_ACTIVE_ARCH = NO;
				SDKROOT = iphoneos5.1;
			};
			name = Debug;
		};
		98B4FC0115454CEA00E821CF /* Release */ = {
			isa = XCBuildConfiguration;
			buildSettings = {
				ALWAYS_SEARCH_USER_PATHS = NO;
				ARCHS = "$(ARCHS_STANDARD_32_BIT)";
				CLANG_ENABLE_OBJC_ARC = YES;
				"CODE_SIGN_IDENTITY[sdk=iphoneos*]" = "iPhone Developer";
				COPY_PHASE_STRIP = YES;
				GCC_C_LANGUAGE_STANDARD = gnu99;
				GCC_VERSION = com.apple.compilers.llvm.clang.1_0;
				GCC_WARN_ABOUT_RETURN_TYPE = YES;
				GCC_WARN_UNINITIALIZED_AUTOS = YES;
				GCC_WARN_UNUSED_VARIABLE = YES;
				IPHONEOS_DEPLOYMENT_TARGET = 5.1;
				ONLY_ACTIVE_ARCH = NO;
				OTHER_CFLAGS = "-DNS_BLOCK_ASSERTIONS=1";
				SDKROOT = iphoneos5.1;
				VALIDATE_PRODUCT = YES;
			};
			name = Release;
		};
		98B4FC0315454CEA00E821CF /* Debug */ = {
			isa = XCBuildConfiguration;
			buildSettings = {
				FRAMEWORK_SEARCH_PATHS = (
					"$(inherited)",
					"\"$(SYSTEM_APPS_DIR)/Xcode.app/Contents/Developer/Library/Frameworks\"",
					"\"$(SRCROOT)\"",
				);
				GCC_PRECOMPILE_PREFIX_HEADER = YES;
				GCC_PREFIX_HEADER = "OpenAlarm/OpenAlarm-Prefix.pch";
				INFOPLIST_FILE = "OpenAlarm/OpenAlarm-Info.plist";
				LIBRARY_SEARCH_PATHS = (
					"$(inherited)",
					"\"$(SRCROOT)\"",
					"\"$(SRCROOT)/Libraries\"",
				);
				PRODUCT_NAME = "$(TARGET_NAME)";
				WRAPPER_EXTENSION = app;
			};
			name = Debug;
		};
		98B4FC0415454CEA00E821CF /* Release */ = {
			isa = XCBuildConfiguration;
			buildSettings = {
				FRAMEWORK_SEARCH_PATHS = (
					"$(inherited)",
					"\"$(SYSTEM_APPS_DIR)/Xcode.app/Contents/Developer/Library/Frameworks\"",
					"\"$(SRCROOT)\"",
				);
				GCC_PRECOMPILE_PREFIX_HEADER = YES;
				GCC_PREFIX_HEADER = "OpenAlarm/OpenAlarm-Prefix.pch";
				INFOPLIST_FILE = "OpenAlarm/OpenAlarm-Info.plist";
				LIBRARY_SEARCH_PATHS = (
					"$(inherited)",
					"\"$(SRCROOT)\"",
					"\"$(SRCROOT)/Libraries\"",
				);
				PRODUCT_NAME = "$(TARGET_NAME)";
				WRAPPER_EXTENSION = app;
			};
			name = Release;
		};
		CE8D88D4155FF261001C441E /* Debug */ = {
			isa = XCBuildConfiguration;
			buildSettings = {
				FRAMEWORK_SEARCH_PATHS = (
					"$(SDKROOT)/Developer/Library/Frameworks",
					"$(DEVELOPER_LIBRARY_DIR)/Frameworks",
				);
				GCC_PRECOMPILE_PREFIX_HEADER = YES;
				GCC_PREFIX_HEADER = "OpenAlarmTests/OpenAlarmTests-Prefix.pch";
				HEADER_SEARCH_PATHS = "\"$(SRCROOT)/Libraries\"/**";
				INFOPLIST_FILE = "OpenAlarmTests/OpenAlarmTests-Info.plist";
				LIBRARY_SEARCH_PATHS = (
					"$(inherited)",
					"\"$(SRCROOT)\"/**",
					"\"$(SRCROOT)/Libraries\"/**",
				);
				PRODUCT_NAME = "$(TARGET_NAME)";
				SDKROOT = iphoneos;
				WRAPPER_EXTENSION = octest;
			};
			name = Debug;
		};
		CE8D88D5155FF261001C441E /* Release */ = {
			isa = XCBuildConfiguration;
			buildSettings = {
				FRAMEWORK_SEARCH_PATHS = (
					"$(SDKROOT)/Developer/Library/Frameworks",
					"$(DEVELOPER_LIBRARY_DIR)/Frameworks",
				);
				GCC_PRECOMPILE_PREFIX_HEADER = YES;
				GCC_PREFIX_HEADER = "OpenAlarmTests/OpenAlarmTests-Prefix.pch";
				HEADER_SEARCH_PATHS = "\"$(SRCROOT)/Libraries\"/**";
				INFOPLIST_FILE = "OpenAlarmTests/OpenAlarmTests-Info.plist";
				LIBRARY_SEARCH_PATHS = (
					"$(inherited)",
					"\"$(SRCROOT)\"/**",
					"\"$(SRCROOT)/Libraries\"/**",
				);
				PRODUCT_NAME = "$(TARGET_NAME)";
				SDKROOT = iphoneos;
				WRAPPER_EXTENSION = octest;
			};
			name = Release;
		};
/* End XCBuildConfiguration section */

/* Begin XCConfigurationList section */
		98B4FBD315454CE900E821CF /* Build configuration list for PBXProject "OpenAlarm" */ = {
			isa = XCConfigurationList;
			buildConfigurations = (
				98B4FC0015454CEA00E821CF /* Debug */,
				98B4FC0115454CEA00E821CF /* Release */,
			);
			defaultConfigurationIsVisible = 0;
			defaultConfigurationName = Release;
		};
		98B4FC0215454CEA00E821CF /* Build configuration list for PBXNativeTarget "OpenAlarm" */ = {
			isa = XCConfigurationList;
			buildConfigurations = (
				98B4FC0315454CEA00E821CF /* Debug */,
				98B4FC0415454CEA00E821CF /* Release */,
			);
			defaultConfigurationIsVisible = 0;
			defaultConfigurationName = Release;
		};
		CE8D88D3155FF261001C441E /* Build configuration list for PBXNativeTarget "OpenAlarmTests" */ = {
			isa = XCConfigurationList;
			buildConfigurations = (
				CE8D88D4155FF261001C441E /* Debug */,
				CE8D88D5155FF261001C441E /* Release */,
			);
			defaultConfigurationIsVisible = 0;
		};
/* End XCConfigurationList section */

/* Begin XCVersionGroup section */
		98B4FBF115454CE900E821CF /* OpenAlarm.xcdatamodeld */ = {
			isa = XCVersionGroup;
			children = (
				98B4FBF215454CE900E821CF /* OpenAlarm.xcdatamodel */,
			);
			currentVersion = 98B4FBF215454CE900E821CF /* OpenAlarm.xcdatamodel */;
			path = OpenAlarm.xcdatamodeld;
			sourceTree = "<group>";
			versionGroupType = wrapper.xcdatamodel;
		};
/* End XCVersionGroup section */
	};
	rootObject = 98B4FBD015454CE900E821CF /* Project object */;
}
